
Microsoft Visual Studio Solution File, Format Version 12.00
# Visual Studio Version 18
VisualStudioVersion = 18.7.11911.148
MinimumVisualStudioVersion = 10.0.40219.1
Project("{FAE04EC0-301F-11D3-BF4B-00C04F79EFBC}") = "NZO.ConsoleApp", "NZOB4.Console\NZO.ConsoleApp.csproj", "{4B696135-9625-47ED-91EA-2044CAD21F46}"
EndProject
Project("{FAE04EC0-301F-11D3-BF4B-00C04F79EFBC}") = "Library.ConsoleApp", "Library.ConsoleApp\Library.ConsoleApp.csproj", "{6D3CF58A-ACEC-4BC9-90DC-FA4E6D82F0BF}"
EndProject
Project("{FAE04EC0-301F-11D3-BF4B-00C04F79EFBC}") = "Product.ConsoleApp", "Product.ConsoleApp\Product.ConsoleApp.csproj", "{0D917F0E-20F1-436A-9F42-AE418EA3E3BB}"
EndProject
Project("{2150E333-8FDC-42A3-9474-1A3956D46DE8}") = "AdoandDapper", "AdoandDapper", "{02EA681E-C7D8-13C7-8484-4AC65E1B71E8}"
EndProject
Project("{FAE04EC0-301F-11D3-BF4B-00C04F79EFBC}") = "Ado.net.ConsoleApp", "Ado.net.ConsoleApp\Ado.net.ConsoleApp.csproj", "{9FEE1034-7EA3-42BF-8FBB-ADA1D2CEAABE}"
EndProject
Project("{2150E333-8FDC-42A3-9474-1A3956D46DE8}") = "HMWPrj", "HMWPrj", "{B0C8F428-10D0-47A6-BAB0-D4F0DCEF9811}"
EndProject
Project("{FAE04EC0-301F-11D3-BF4B-00C04F79EFBC}") = "Database.Shared", "Database.Shared\Database.Shared.csproj", "{436D0BB7-1C64-44D0-B74F-164687CA6D5C}"
EndProject
Project("{FAE04EC0-301F-11D3-BF4B-00C04F79EFBC}") = "ProductApi", "ProductApi\ProductApi.csproj", "{E0B1DF67-1A04-428C-BD61-E22E6FF1E840}"
EndProject
Project("{2150E333-8FDC-42A3-9474-1A3956D46DE8}") = "Homework", "Homework", "{F232C057-4756-43AD-9C5D-B34936316EC2}"
EndProject
Project("{FAE04EC0-301F-11D3-BF4B-00C04F79EFBC}") = "Databased.Blog", "Databased.Shared\Databased.Blog.csproj", "{D31B4B13-49F0-4675-89D4-C52784E6863F}"
EndProject
Project("{FAE04EC0-301F-11D3-BF4B-00C04F79EFBC}") = "BlogApi", "BlogApi\BlogApi.csproj", "{BE6FFDED-4E5A-4F69-B24D-75369122BA2C}"
EndProject
Project("{FAE04EC0-301F-11D3-BF4B-00C04F79EFBC}") = "Blog.ConsoleApp", "Blog.ConsoleApp\Blog.ConsoleApp.csproj", "{C61A0B51-5C2E-4FBD-926A-F4FEA515DC73}"
EndProject
Project("{FAE04EC0-301F-11D3-BF4B-00C04F79EFBC}") = "Myanmarmonth.Console", "Myanmarmonth.Console\Myanmarmonth.Console.csproj", "{F5594FF7-5256-49D4-B2B1-0C50A3A66B11}"
EndProject
Project("{FAE04EC0-301F-11D3-BF4B-00C04F79EFBC}") = "MonthApi", "MonthApi\MonthApi.csproj", "{9EB5C819-CE3E-47FD-996D-4D7BA3935F78}"
EndProject
Project("{2150E333-8FDC-42A3-9474-1A3956D46DE8}") = "MVC(collection)", "MVC(collection)", "{2C0DE265-BEEC-4B96-BB1A-99B39F1A5CA7}"
EndProject
Project("{FAE04EC0-301F-11D3-BF4B-00C04F79EFBC}") = "Blog.MvcApp", "Blog.MvcApp\Blog.MvcApp.csproj", "{729A75B0-5123-416D-ABBF-E1188D1234EF}"
EndProject
Project("{FAE04EC0-301F-11D3-BF4B-00C04F79EFBC}") = "Database.MvcApp", "Database.MvcApp\Database.MvcApp.csproj", "{8CFCE36B-355D-D567-7998-31FF320BF314}"
EndProject
Project("{FAE04EC0-301F-11D3-BF4B-00C04F79EFBC}") = "Posting.MvcApp", "Posting.MvcApp\Posting.MvcApp.csproj", "{5D3CCF81-9A8B-4BB1-ACED-7C6BA1A007B4}"
EndProject
Project("{FAE04EC0-301F-11D3-BF4B-00C04F79EFBC}") = "CRUD.MVCApp", "CRUD.MVCApp\CRUD.MVCApp.csproj", "{8BC017F3-6E65-4B2A-ACB7-93F9EB9B6DC3}"
EndProject
Project("{FAE04EC0-301F-11D3-BF4B-00C04F79EFBC}") = "AjaxApp.MVC", "AjaxApp.MVC\AjaxApp.MVC.csproj", "{16761112-E234-4FCB-82FF-2EBB9C141284}"
EndProject
Project("{2150E333-8FDC-42A3-9474-1A3956D46DE8}") = "MvcApi", "MvcApi", "{AA6E29E2-0EE9-4ACF-921F-1F6FB2260B37}"
EndProject
Project("{FAE04EC0-301F-11D3-BF4B-00C04F79EFBC}") = "MVC.WebApp", "MVC.WebApp\MVC.WebApp.csproj", "{03D8C09B-6C48-41A6-96CB-8B6CDC278A29}"
EndProject
Project("{FAE04EC0-301F-11D3-BF4B-00C04F79EFBC}") = "WebApp.API", "WebApp.API\WebApp.API.csproj", "{FC07C82A-92B1-45FF-92BA-6397E1908130}"
EndProject
Project("{FAE04EC0-301F-11D3-BF4B-00C04F79EFBC}") = "WebApp.Database", "WebApp.Database\WebApp.Database.csproj", "{1CB65AC3-D565-4D1E-8D1A-DBB65A8F4363}"
EndProject
Project("{FAE04EC0-301F-11D3-BF4B-00C04F79EFBC}") = "ConsoleApp.LoggingExample", "ConsoleApp.LoggingExample\ConsoleApp.LoggingExample.csproj", "{B60A0B91-9D2A-46E5-9B7C-5D8AEAB3896E}"
EndProject
Project("{FAE04EC0-301F-11D3-BF4B-00C04F79EFBC}") = "SeriLogExample", "SeriLogExample\SeriLogExample.csproj", "{7ABCD9CF-B6C4-465B-B38F-9816B81343DD}"
EndProject
Global
	GlobalSection(SolutionConfigurationPlatforms) = preSolution
		Debug|Any CPU = Debug|Any CPU
		Release|Any CPU = Release|Any CPU
	EndGlobalSection
	GlobalSection(ProjectConfigurationPlatforms) = postSolution
		{4B696135-9625-47ED-91EA-2044CAD21F46}.Debug|Any CPU.ActiveCfg = Debug|Any CPU
		{4B696135-9625-47ED-91EA-2044CAD21F46}.Debug|Any CPU.Build.0 = Debug|Any CPU
		{4B696135-9625-47ED-91EA-2044CAD21F46}.Release|Any CPU.ActiveCfg = Release|Any CPU
		{4B696135-9625-47ED-91EA-2044CAD21F46}.Release|Any CPU.Build.0 = Release|Any CPU
		{6D3CF58A-ACEC-4BC9-90DC-FA4E6D82F0BF}.Debug|Any CPU.ActiveCfg = Debug|Any CPU
		{6D3CF58A-ACEC-4BC9-90DC-FA4E6D82F0BF}.Debug|Any CPU.Build.0 = Debug|Any CPU
		{6D3CF58A-ACEC-4BC9-90DC-FA4E6D82F0BF}.Release|Any CPU.ActiveCfg = Release|Any CPU
		{6D3CF58A-ACEC-4BC9-90DC-FA4E6D82F0BF}.Release|Any CPU.Build.0 = Release|Any CPU
		{0D917F0E-20F1-436A-9F42-AE418EA3E3BB}.Debug|Any CPU.ActiveCfg = Debug|Any CPU
		{0D917F0E-20F1-436A-9F42-AE418EA3E3BB}.Debug|Any CPU.Build.0 = Debug|Any CPU
		{0D917F0E-20F1-436A-9F42-AE418EA3E3BB}.Release|Any CPU.ActiveCfg = Release|Any CPU
		{0D917F0E-20F1-436A-9F42-AE418EA3E3BB}.Release|Any CPU.Build.0 = Release|Any CPU
		{9FEE1034-7EA3-42BF-8FBB-ADA1D2CEAABE}.Debug|Any CPU.ActiveCfg = Debug|Any CPU
		{9FEE1034-7EA3-42BF-8FBB-ADA1D2CEAABE}.Debug|Any CPU.Build.0 = Debug|Any CPU
		{9FEE1034-7EA3-42BF-8FBB-ADA1D2CEAABE}.Release|Any CPU.ActiveCfg = Release|Any CPU
		{9FEE1034-7EA3-42BF-8FBB-ADA1D2CEAABE}.Release|Any CPU.Build.0 = Release|Any CPU
		{436D0BB7-1C64-44D0-B74F-164687CA6D5C}.Debug|Any CPU.ActiveCfg = Debug|Any CPU
		{436D0BB7-1C64-44D0-B74F-164687CA6D5C}.Debug|Any CPU.Build.0 = Debug|Any CPU
		{436D0BB7-1C64-44D0-B74F-164687CA6D5C}.Release|Any CPU.ActiveCfg = Release|Any CPU
		{436D0BB7-1C64-44D0-B74F-164687CA6D5C}.Release|Any CPU.Build.0 = Release|Any CPU
		{E0B1DF67-1A04-428C-BD61-E22E6FF1E840}.Debug|Any CPU.ActiveCfg = Debug|Any CPU
		{E0B1DF67-1A04-428C-BD61-E22E6FF1E840}.Debug|Any CPU.Build.0 = Debug|Any CPU
		{E0B1DF67-1A04-428C-BD61-E22E6FF1E840}.Release|Any CPU.ActiveCfg = Release|Any CPU
		{E0B1DF67-1A04-428C-BD61-E22E6FF1E840}.Release|Any CPU.Build.0 = Release|Any CPU
		{D31B4B13-49F0-4675-89D4-C52784E6863F}.Debug|Any CPU.ActiveCfg = Debug|Any CPU
		{D31B4B13-49F0-4675-89D4-C52784E6863F}.Debug|Any CPU.Build.0 = Debug|Any CPU
		{D31B4B13-49F0-4675-89D4-C52784E6863F}.Release|Any CPU.ActiveCfg = Release|Any CPU
		{D31B4B13-49F0-4675-89D4-C52784E6863F}.Release|Any CPU.Build.0 = Release|Any CPU
		{BE6FFDED-4E5A-4F69-B24D-75369122BA2C}.Debug|Any CPU.ActiveCfg = Debug|Any CPU
		{BE6FFDED-4E5A-4F69-B24D-75369122BA2C}.Debug|Any CPU.Build.0 = Debug|Any CPU
		{BE6FFDED-4E5A-4F69-B24D-75369122BA2C}.Release|Any CPU.ActiveCfg = Release|Any CPU
		{BE6FFDED-4E5A-4F69-B24D-75369122BA2C}.Release|Any CPU.Build.0 = Release|Any CPU
		{C61A0B51-5C2E-4FBD-926A-F4FEA515DC73}.Debug|Any CPU.ActiveCfg = Debug|Any CPU
		{C61A0B51-5C2E-4FBD-926A-F4FEA515DC73}.Debug|Any CPU.Build.0 = Debug|Any CPU
		{C61A0B51-5C2E-4FBD-926A-F4FEA515DC73}.Release|Any CPU.ActiveCfg = Release|Any CPU
		{C61A0B51-5C2E-4FBD-926A-F4FEA515DC73}.Release|Any CPU.Build.0 = Release|Any CPU
		{F5594FF7-5256-49D4-B2B1-0C50A3A66B11}.Debug|Any CPU.ActiveCfg = Debug|Any CPU
		{F5594FF7-5256-49D4-B2B1-0C50A3A66B11}.Debug|Any CPU.Build.0 = Debug|Any CPU
		{F5594FF7-5256-49D4-B2B1-0C50A3A66B11}.Release|Any CPU.ActiveCfg = Release|Any CPU
		{F5594FF7-5256-49D4-B2B1-0C50A3A66B11}.Release|Any CPU.Build.0 = Release|Any CPU
		{9EB5C819-CE3E-47FD-996D-4D7BA3935F78}.Debug|Any CPU.ActiveCfg = Debug|Any CPU
		{9EB5C819-CE3E-47FD-996D-4D7BA3935F78}.Debug|Any CPU.Build.0 = Debug|Any CPU
		{9EB5C819-CE3E-47FD-996D-4D7BA3935F78}.Release|Any CPU.ActiveCfg = Release|Any CPU
		{9EB5C819-CE3E-47FD-996D-4D7BA3935F78}.Release|Any CPU.Build.0 = Release|Any CPU
		{729A75B0-5123-416D-ABBF-E1188D1234EF}.Debug|Any CPU.ActiveCfg = Debug|Any CPU
		{729A75B0-5123-416D-ABBF-E1188D1234EF}.Debug|Any CPU.Build.0 = Debug|Any CPU
		{729A75B0-5123-416D-ABBF-E1188D1234EF}.Release|Any CPU.ActiveCfg = Release|Any CPU
		{729A75B0-5123-416D-ABBF-E1188D1234EF}.Release|Any CPU.Build.0 = Release|Any CPU
		{8CFCE36B-355D-D567-7998-31FF320BF314}.Debug|Any CPU.ActiveCfg = Debug|Any CPU
		{8CFCE36B-355D-D567-7998-31FF320BF314}.Debug|Any CPU.Build.0 = Debug|Any CPU
		{8CFCE36B-355D-D567-7998-31FF320BF314}.Release|Any CPU.ActiveCfg = Release|Any CPU
		{8CFCE36B-355D-D567-7998-31FF320BF314}.Release|Any CPU.Build.0 = Release|Any CPU
		{5D3CCF81-9A8B-4BB1-ACED-7C6BA1A007B4}.Debug|Any CPU.ActiveCfg = Debug|Any CPU
		{5D3CCF81-9A8B-4BB1-ACED-7C6BA1A007B4}.Debug|Any CPU.Build.0 = Debug|Any CPU
		{5D3CCF81-9A8B-4BB1-ACED-7C6BA1A007B4}.Release|Any CPU.ActiveCfg = Release|Any CPU
		{5D3CCF81-9A8B-4BB1-ACED-7C6BA1A007B4}.Release|Any CPU.Build.0 = Release|Any CPU
		{8BC017F3-6E65-4B2A-ACB7-93F9EB9B6DC3}.Debug|Any CPU.ActiveCfg = Debug|Any CPU
		{8BC017F3-6E65-4B2A-ACB7-93F9EB9B6DC3}.Debug|Any CPU.Build.0 = Debug|Any CPU
		{8BC017F3-6E65-4B2A-ACB7-93F9EB9B6DC3}.Release|Any CPU.ActiveCfg = Release|Any CPU
		{8BC017F3-6E65-4B2A-ACB7-93F9EB9B6DC3}.Release|Any CPU.Build.0 = Release|Any CPU
		{16761112-E234-4FCB-82FF-2EBB9C141284}.Debug|Any CPU.ActiveCfg = Debug|Any CPU
		{16761112-E234-4FCB-82FF-2EBB9C141284}.Debug|Any CPU.Build.0 = Debug|Any CPU
		{16761112-E234-4FCB-82FF-2EBB9C141284}.Release|Any CPU.ActiveCfg = Release|Any CPU
		{16761112-E234-4FCB-82FF-2EBB9C141284}.Release|Any CPU.Build.0 = Release|Any CPU
		{03D8C09B-6C48-41A6-96CB-8B6CDC278A29}.Debug|Any CPU.ActiveCfg = Debug|Any CPU
		{03D8C09B-6C48-41A6-96CB-8B6CDC278A29}.Debug|Any CPU.Build.0 = Debug|Any CPU
		{03D8C09B-6C48-41A6-96CB-8B6CDC278A29}.Release|Any CPU.ActiveCfg = Release|Any CPU
		{03D8C09B-6C48-41A6-96CB-8B6CDC278A29}.Release|Any CPU.Build.0 = Release|Any CPU
		{FC07C82A-92B1-45FF-92BA-6397E1908130}.Debug|Any CPU.ActiveCfg = Debug|Any CPU
		{FC07C82A-92B1-45FF-92BA-6397E1908130}.Debug|Any CPU.Build.0 = Debug|Any CPU
		{FC07C82A-92B1-45FF-92BA-6397E1908130}.Release|Any CPU.ActiveCfg = Release|Any CPU
		{FC07C82A-92B1-45FF-92BA-6397E1908130}.Release|Any CPU.Build.0 = Release|Any CPU
		{1CB65AC3-D565-4D1E-8D1A-DBB65A8F4363}.Debug|Any CPU.ActiveCfg = Debug|Any CPU
		{1CB65AC3-D565-4D1E-8D1A-DBB65A8F4363}.Debug|Any CPU.Build.0 = Debug|Any CPU
		{1CB65AC3-D565-4D1E-8D1A-DBB65A8F4363}.Release|Any CPU.ActiveCfg = Release|Any CPU
		{1CB65AC3-D565-4D1E-8D1A-DBB65A8F4363}.Release|Any CPU.Build.0 = Release|Any CPU
		{B60A0B91-9D2A-46E5-9B7C-5D8AEAB3896E}.Debug|Any CPU.ActiveCfg = Debug|Any CPU
		{B60A0B91-9D2A-46E5-9B7C-5D8AEAB3896E}.Debug|Any CPU.Build.0 = Debug|Any CPU
		{B60A0B91-9D2A-46E5-9B7C-5D8AEAB3896E}.Release|Any CPU.ActiveCfg = Release|Any CPU
		{B60A0B91-9D2A-46E5-9B7C-5D8AEAB3896E}.Release|Any CPU.Build.0 = Release|Any CPU
		{7ABCD9CF-B6C4-465B-B38F-9816B81343DD}.Debug|Any CPU.ActiveCfg = Debug|Any CPU
		{7ABCD9CF-B6C4-465B-B38F-9816B81343DD}.Debug|Any CPU.Build.0 = Debug|Any CPU
		{7ABCD9CF-B6C4-465B-B38F-9816B81343DD}.Release|Any CPU.ActiveCfg = Release|Any CPU
		{7ABCD9CF-B6C4-465B-B38F-9816B81343DD}.Release|Any CPU.Build.0 = Release|Any CPU
	EndGlobalSection
	GlobalSection(SolutionProperties) = preSolution
		HideSolutionNode = FALSE
	EndGlobalSection
	GlobalSection(NestedProjects) = preSolution
		{9FEE1034-7EA3-42BF-8FBB-ADA1D2CEAABE} = {02EA681E-C7D8-13C7-8484-4AC65E1B71E8}
		{436D0BB7-1C64-44D0-B74F-164687CA6D5C} = {B0C8F428-10D0-47A6-BAB0-D4F0DCEF9811}
		{E0B1DF67-1A04-428C-BD61-E22E6FF1E840} = {B0C8F428-10D0-47A6-BAB0-D4F0DCEF9811}
		{D31B4B13-49F0-4675-89D4-C52784E6863F} = {F232C057-4756-43AD-9C5D-B34936316EC2}
		{BE6FFDED-4E5A-4F69-B24D-75369122BA2C} = {F232C057-4756-43AD-9C5D-B34936316EC2}
		{C61A0B51-5C2E-4FBD-926A-F4FEA515DC73} = {F232C057-4756-43AD-9C5D-B34936316EC2}
		{F5594FF7-5256-49D4-B2B1-0C50A3A66B11} = {F232C057-4756-43AD-9C5D-B34936316EC2}
		{9EB5C819-CE3E-47FD-996D-4D7BA3935F78} = {F232C057-4756-43AD-9C5D-B34936316EC2}
		{729A75B0-5123-416D-ABBF-E1188D1234EF} = {2C0DE265-BEEC-4B96-BB1A-99B39F1A5CA7}
		{8CFCE36B-355D-D567-7998-31FF320BF314} = {2C0DE265-BEEC-4B96-BB1A-99B39F1A5CA7}
		{5D3CCF81-9A8B-4BB1-ACED-7C6BA1A007B4} = {2C0DE265-BEEC-4B96-BB1A-99B39F1A5CA7}
		{8BC017F3-6E65-4B2A-ACB7-93F9EB9B6DC3} = {2C0DE265-BEEC-4B96-BB1A-99B39F1A5CA7}
		{16761112-E234-4FCB-82FF-2EBB9C141284} = {2C0DE265-BEEC-4B96-BB1A-99B39F1A5CA7}
		{03D8C09B-6C48-41A6-96CB-8B6CDC278A29} = {AA6E29E2-0EE9-4ACF-921F-1F6FB2260B37}
		{FC07C82A-92B1-45FF-92BA-6397E1908130} = {AA6E29E2-0EE9-4ACF-921F-1F6FB2260B37}
		{1CB65AC3-D565-4D1E-8D1A-DBB65A8F4363} = {AA6E29E2-0EE9-4ACF-921F-1F6FB2260B37}
	EndGlobalSection
	GlobalSection(ExtensibilityGlobals) = postSolution
		SolutionGuid = {0021F3AA-65E0-48DE-993A-9B49FD6767C5}
	EndGlobalSection
EndGlobal
